
Microsoft Visual Studio Solution File, Format Version 12.00
# Visual Studio Version 17
VisualStudioVersion = 17.3.32929.385
MinimumVisualStudioVersion = 10.0.40219.1
Project("{FAE04EC0-301F-11D3-BF4B-00C04F79EFBC}") = "ECL2.2", "ECL2.2\ECL2.2.csproj", "{1EA75358-BF08-4197-AF71-6080A4D5206E}"
EndProject
Global
	GlobalSection(SolutionConfigurationPlatforms) = preSolution
		Debug|Any CPU = Debug|Any CPU
		Release|Any CPU = Release|Any CPU
	EndGlobalSection
	GlobalSection(ProjectConfigurationPlatforms) = postSolution
		{1EA75358-BF08-4197-AF71-6080A4D5206E}.Debug|Any CPU.ActiveCfg = Debug|Any CPU
		{1EA75358-BF08-4197-AF71-6080A4D5206E}.Debug|Any CPU.Build.0 = Debug|Any CPU
		{1EA75358-BF08-4197-AF71-6080A4D5206E}.Release|Any CPU.ActiveCfg = Release|Any CPU
		{1EA75358-BF08-4197-AF71-6080A4D5206E}.Release|Any CPU.Build.0 = Release|Any CPU
	EndGlobalSection
	GlobalSection(SolutionProperties) = preSolution
		HideSolutionNode = FALSE
	EndGlobalSection
	GlobalSection(ExtensibilityGlobals) = postSolution
		SolutionGuid = {4CB2EE82-6474-4570-BAC8-0E77F8805837}
	EndGlobalSection
EndGlobal
